
Microsoft Visual Studio Solution File, Format Version 12.00
# Visual Studio Version 17
VisualStudioVersion = 17.5.33414.496
MinimumVisualStudioVersion = 10.0.40219.1
Project("{9A19103F-16F7-4668-BE54-9A1E7A4F7556}") = "CatalogApp", "CatalogApp\CatalogApp.csproj", "{14655600-4825-45B0-9E8F-B6114837CD1E}"
EndProject
Project("{9A19103F-16F7-4668-BE54-9A1E7A4F7556}") = "CatalogService.BLL", "CatalogService.BLL\CatalogService.BLL.csproj", "{C1975BEF-6838-4C9A-8249-0A1A4C558A78}"
EndProject
Project("{9A19103F-16F7-4668-BE54-9A1E7A4F7556}") = "CatalogService.DAL", "CatalogService.DAL\CatalogService.DAL.csproj", "{1C779B4E-02D3-41F1-8799-5F68A12AF7F5}"
EndProject
Project("{FAE04EC0-301F-11D3-BF4B-00C04F79EFBC}") = "CatalogService.Tests", "CatalogService.Tests\CatalogService.Tests.csproj", "{237717EA-0BF5-43CE-878D-236F06F14727}"
EndProject
Global
	GlobalSection(SolutionConfigurationPlatforms) = preSolution
		Debug|Any CPU = Debug|Any CPU
		Release|Any CPU = Release|Any CPU
	EndGlobalSection
	GlobalSection(ProjectConfigurationPlatforms) = postSolution
		{14655600-4825-45B0-9E8F-B6114837CD1E}.Debug|Any CPU.ActiveCfg = Debug|Any CPU
		{14655600-4825-45B0-9E8F-B6114837CD1E}.Debug|Any CPU.Build.0 = Debug|Any CPU
		{14655600-4825-45B0-9E8F-B6114837CD1E}.Release|Any CPU.ActiveCfg = Release|Any CPU
		{14655600-4825-45B0-9E8F-B6114837CD1E}.Release|Any CPU.Build.0 = Release|Any CPU
		{C1975BEF-6838-4C9A-8249-0A1A4C558A78}.Debug|Any CPU.ActiveCfg = Debug|Any CPU
		{C1975BEF-6838-4C9A-8249-0A1A4C558A78}.Debug|Any CPU.Build.0 = Debug|Any CPU
		{C1975BEF-6838-4C9A-8249-0A1A4C558A78}.Release|Any CPU.ActiveCfg = Release|Any CPU
		{C1975BEF-6838-4C9A-8249-0A1A4C558A78}.Release|Any CPU.Build.0 = Release|Any CPU
		{1C779B4E-02D3-41F1-8799-5F68A12AF7F5}.Debug|Any CPU.ActiveCfg = Debug|Any CPU
		{1C779B4E-02D3-41F1-8799-5F68A12AF7F5}.Debug|Any CPU.Build.0 = Debug|Any CPU
		{1C779B4E-02D3-41F1-8799-5F68A12AF7F5}.Release|Any CPU.ActiveCfg = Release|Any CPU
		{1C779B4E-02D3-41F1-8799-5F68A12AF7F5}.Release|Any CPU.Build.0 = Release|Any CPU
		{237717EA-0BF5-43CE-878D-236F06F14727}.Debug|Any CPU.ActiveCfg = Debug|Any CPU
		{237717EA-0BF5-43CE-878D-236F06F14727}.Debug|Any CPU.Build.0 = Debug|Any CPU
		{237717EA-0BF5-43CE-878D-236F06F14727}.Release|Any CPU.ActiveCfg = Release|Any CPU
		{237717EA-0BF5-43CE-878D-236F06F14727}.Release|Any CPU.Build.0 = Release|Any CPU
	EndGlobalSection
	GlobalSection(SolutionProperties) = preSolution
		HideSolutionNode = FALSE
	EndGlobalSection
	GlobalSection(ExtensibilityGlobals) = postSolution
		SolutionGuid = {8F7EA453-D655-472E-AD42-3F6E001D52D6}
	EndGlobalSection
EndGlobal
